
Microsoft Visual Studio Solution File, Format Version 12.00
# Visual Studio 14
VisualStudioVersion = 14.0.25420.1
MinimumVisualStudioVersion = 10.0.40219.1
Project("{FAE04EC0-301F-11D3-BF4B-00C04F79EFBC}") = "EndplayCheck", "EndplayCheck\EndplayCheck.csproj", "{1822881B-1989-4108-8086-58DFBF0A3522}"
EndProject
Project("{FAE04EC0-301F-11D3-BF4B-00C04F79EFBC}") = "EndplayGTCheck", "EndplayGTCheck\EndplayGTCheck.csproj", "{77D992D9-2C7E-4992-94C8-9AE3C0B8A42B}"
EndProject
Global
	GlobalSection(SolutionConfigurationPlatforms) = preSolution
		Debug|Any CPU = Debug|Any CPU
		Release|Any CPU = Release|Any CPU
	EndGlobalSection
	GlobalSection(ProjectConfigurationPlatforms) = postSolution
		{1822881B-1989-4108-8086-58DFBF0A3522}.Debug|Any CPU.ActiveCfg = Debug|Any CPU
		{1822881B-1989-4108-8086-58DFBF0A3522}.Debug|Any CPU.Build.0 = Debug|Any CPU
		{1822881B-1989-4108-8086-58DFBF0A3522}.Release|Any CPU.ActiveCfg = Release|Any CPU
		{1822881B-1989-4108-8086-58DFBF0A3522}.Release|Any CPU.Build.0 = Release|Any CPU
		{77D992D9-2C7E-4992-94C8-9AE3C0B8A42B}.Debug|Any CPU.ActiveCfg = Debug|Any CPU
		{77D992D9-2C7E-4992-94C8-9AE3C0B8A42B}.Debug|Any CPU.Build.0 = Debug|Any CPU
		{77D992D9-2C7E-4992-94C8-9AE3C0B8A42B}.Release|Any CPU.ActiveCfg = Release|Any CPU
		{77D992D9-2C7E-4992-94C8-9AE3C0B8A42B}.Release|Any CPU.Build.0 = Release|Any CPU
	EndGlobalSection
	GlobalSection(SolutionProperties) = preSolution
		HideSolutionNode = FALSE
	EndGlobalSection
EndGlobal
